PODS:
  - flutter_inactive_timer (1.1.0):
    - FlutterMacOS
  - FlutterMacOS (1.0.0)

DEPENDENCIES:
  - flutter_inactive_timer (from `Flutter/ephemeral/.symlinks/plugins/flutter_inactive_timer/macos`)
  - FlutterMacOS (from `Flutter/ephemeral`)

EXTERNAL SOURCES:
  flutter_inactive_timer:
    :path: Flutter/ephemeral/.symlinks/plugins/flutter_inactive_timer/macos
  FlutterMacOS:
    :path: Flutter/ephemeral

SPEC CHECKSUMS:
  flutter_inactive_timer: fbc7665bc8dd7ce618870c528bf7dab3d570ce47
  FlutterMacOS: 8f6f14fa908a6fb3fba0cd85dbd81ec4b251fb24

PODFILE CHECKSUM: 236401fc2c932af29a9fcf0e97baeeb2d750d367

COCOAPODS: 1.16.2
